
Microsoft Visual Studio Solution File, Format Version 12.00
# Visual Studio 15
VisualStudioVersion = 15.0.28307.705
MinimumVisualStudioVersion = 10.0.40219.1
Project("{FAE04EC0-301F-11D3-BF4B-00C04F79EFBC}") = "ProjectPunter", "ProjectPunter\ProjectPunter.csproj", "{E4F4A38C-0D57-4DE2-A86D-D3B7B1039494}"
EndProject
Global
	GlobalSection(SolutionConfigurationPlatforms) = preSolution
		Debug|Any CPU = Debug|Any CPU
		Release|Any CPU = Release|Any CPU
	EndGlobalSection
	GlobalSection(ProjectConfigurationPlatforms) = postSolution
		{E4F4A38C-0D57-4DE2-A86D-D3B7B1039494}.Debug|Any CPU.ActiveCfg = Debug|Any CPU
		{E4F4A38C-0D57-4DE2-A86D-D3B7B1039494}.Debug|Any CPU.Build.0 = Debug|Any CPU
		{E4F4A38C-0D57-4DE2-A86D-D3B7B1039494}.Release|Any CPU.ActiveCfg = Release|Any CPU
		{E4F4A38C-0D57-4DE2-A86D-D3B7B1039494}.Release|Any CPU.Build.0 = Release|Any CPU
	EndGlobalSection
	GlobalSection(SolutionProperties) = preSolution
		HideSolutionNode = FALSE
	EndGlobalSection
	GlobalSection(ExtensibilityGlobals) = postSolution
		SolutionGuid = {53C16342-1839-4737-B909-889B92DCC84F}
	EndGlobalSection
EndGlobal
