
Microsoft Visual Studio Solution File, Format Version 12.00
# Visual Studio Version 16
VisualStudioVersion = 16.0.31129.286
MinimumVisualStudioVersion = 10.0.40219.1
Project("{FAE04EC0-301F-11D3-BF4B-00C04F79EFBC}") = "ProjectPunter", "ProjectPunter\ProjectPunter.csproj", "{E4F4A38C-0D57-4DE2-A86D-D3B7B1039494}"
EndProject
Project("{9A19103F-16F7-4668-BE54-9A1E7A4F7556}") = "RHDCAutomation", "RHDCAutomation\RHDCAutomation.csproj", "{5F115960-2C29-40B4-9832-692F6F7344ED}"
EndProject
Project("{9A19103F-16F7-4668-BE54-9A1E7A4F7556}") = "Infrastructure", "Infrastructure\Infrastructure.csproj", "{935B5A58-C325-4A99-B901-5649817CE4D7}"
EndProject
Project("{9A19103F-16F7-4668-BE54-9A1E7A4F7556}") = "Core", "Core\Core.csproj", "{51521557-DD17-4152-92FF-6D903BBE9B19}"
EndProject
Project("{FAE04EC0-301F-11D3-BF4B-00C04F79EFBC}") = "RHDCResultRetriever", "RHDCResultRetriever\RHDCResultRetriever.csproj", "{BCE8A708-300E-4F68-8F4F-62CBF0CADF5B}"
EndProject
Global
	GlobalSection(SolutionConfigurationPlatforms) = preSolution
		Debug|Any CPU = Debug|Any CPU
		Release|Any CPU = Release|Any CPU
	EndGlobalSection
	GlobalSection(ProjectConfigurationPlatforms) = postSolution
		{E4F4A38C-0D57-4DE2-A86D-D3B7B1039494}.Debug|Any CPU.ActiveCfg = Debug|Any CPU
		{E4F4A38C-0D57-4DE2-A86D-D3B7B1039494}.Debug|Any CPU.Build.0 = Debug|Any CPU
		{E4F4A38C-0D57-4DE2-A86D-D3B7B1039494}.Release|Any CPU.ActiveCfg = Release|Any CPU
		{E4F4A38C-0D57-4DE2-A86D-D3B7B1039494}.Release|Any CPU.Build.0 = Release|Any CPU
		{5F115960-2C29-40B4-9832-692F6F7344ED}.Debug|Any CPU.ActiveCfg = Debug|Any CPU
		{5F115960-2C29-40B4-9832-692F6F7344ED}.Debug|Any CPU.Build.0 = Debug|Any CPU
		{5F115960-2C29-40B4-9832-692F6F7344ED}.Release|Any CPU.ActiveCfg = Release|Any CPU
		{5F115960-2C29-40B4-9832-692F6F7344ED}.Release|Any CPU.Build.0 = Release|Any CPU
		{935B5A58-C325-4A99-B901-5649817CE4D7}.Debug|Any CPU.ActiveCfg = Debug|Any CPU
		{935B5A58-C325-4A99-B901-5649817CE4D7}.Debug|Any CPU.Build.0 = Debug|Any CPU
		{935B5A58-C325-4A99-B901-5649817CE4D7}.Release|Any CPU.ActiveCfg = Release|Any CPU
		{935B5A58-C325-4A99-B901-5649817CE4D7}.Release|Any CPU.Build.0 = Release|Any CPU
		{51521557-DD17-4152-92FF-6D903BBE9B19}.Debug|Any CPU.ActiveCfg = Debug|Any CPU
		{51521557-DD17-4152-92FF-6D903BBE9B19}.Debug|Any CPU.Build.0 = Debug|Any CPU
		{51521557-DD17-4152-92FF-6D903BBE9B19}.Release|Any CPU.ActiveCfg = Release|Any CPU
		{51521557-DD17-4152-92FF-6D903BBE9B19}.Release|Any CPU.Build.0 = Release|Any CPU
		{BCE8A708-300E-4F68-8F4F-62CBF0CADF5B}.Debug|Any CPU.ActiveCfg = Debug|Any CPU
		{BCE8A708-300E-4F68-8F4F-62CBF0CADF5B}.Debug|Any CPU.Build.0 = Debug|Any CPU
		{BCE8A708-300E-4F68-8F4F-62CBF0CADF5B}.Release|Any CPU.ActiveCfg = Release|Any CPU
		{BCE8A708-300E-4F68-8F4F-62CBF0CADF5B}.Release|Any CPU.Build.0 = Release|Any CPU
	EndGlobalSection
	GlobalSection(SolutionProperties) = preSolution
		HideSolutionNode = FALSE
	EndGlobalSection
	GlobalSection(ExtensibilityGlobals) = postSolution
		SolutionGuid = {53C16342-1839-4737-B909-889B92DCC84F}
	EndGlobalSection
EndGlobal
